{
  "version": 4,
  "terraform_version": "1.4.5",
  "serial": 5,
  "lineage": "ac91bb28-97e2-310d-5fb1-777f222a8408",
  "outputs": {},
  "resources": [
    {
      "mode": "managed",
      "type": "time_static",
      "name": "self",
      "provider": "provider[\"registry.terraform.io/hashicorp/time\"]",
      "instances": [
        {
          "schema_version": 0,
          "attributes": {
            "day": 24,
            "hour": 14,
            "id": "2023-04-24T14:08:37Z",
            "minute": 8,
            "month": 4,
            "rfc3339": "2023-04-24T14:08:37Z",
            "second": 37,
            "triggers": {},
            "unix": 1682345317,
            "year": 2023
          },
          "sensitive_attributes": []
        }
      ]
    }
  ],
  "check_results": null
}
